
Microsoft Visual Studio Solution File, Format Version 12.00
# Visual Studio 14
VisualStudioVersion = 14.0.23107.0
MinimumVisualStudioVersion = 10.0.40219.1
Project("{9092AA53-FB77-4645-B42D-1CCCA6BD08BD}") = "WanderBlogApp", "WanderBlogApp\WanderBlogApp.njsproj", "{CAEAF9C7-D5B4-4F40-AC85-2CCDCAD6B9CE}"
EndProject
Global
	GlobalSection(SolutionConfigurationPlatforms) = preSolution
		Debug|Any CPU = Debug|Any CPU
		Release|Any CPU = Release|Any CPU
	EndGlobalSection
	GlobalSection(ProjectConfigurationPlatforms) = postSolution
		{CAEAF9C7-D5B4-4F40-AC85-2CCDCAD6B9CE}.Debug|Any CPU.ActiveCfg = Debug|Any CPU
		{CAEAF9C7-D5B4-4F40-AC85-2CCDCAD6B9CE}.Debug|Any CPU.Build.0 = Debug|Any CPU
		{CAEAF9C7-D5B4-4F40-AC85-2CCDCAD6B9CE}.Release|Any CPU.ActiveCfg = Release|Any CPU
		{CAEAF9C7-D5B4-4F40-AC85-2CCDCAD6B9CE}.Release|Any CPU.Build.0 = Release|Any CPU
	EndGlobalSection
	GlobalSection(SolutionProperties) = preSolution
		HideSolutionNode = FALSE
	EndGlobalSection
EndGlobal
